
Microsoft Visual Studio Solution File, Format Version 12.00
# Visual Studio Version 17
VisualStudioVersion = 17.4.33213.308
MinimumVisualStudioVersion = 10.0.40219.1
Project("{FAE04EC0-301F-11D3-BF4B-00C04F79EFBC}") = "HemmeligProsjekt", "HemmeligProsjekt\HemmeligProsjekt.csproj", "{121EE9B0-B66C-4581-8953-D190E7D14722}"
EndProject
Global
	GlobalSection(SolutionConfigurationPlatforms) = preSolution
		Debug|Any CPU = Debug|Any CPU
		Release|Any CPU = Release|Any CPU
	EndGlobalSection
	GlobalSection(ProjectConfigurationPlatforms) = postSolution
		{121EE9B0-B66C-4581-8953-D190E7D14722}.Debug|Any CPU.ActiveCfg = Debug|Any CPU
		{121EE9B0-B66C-4581-8953-D190E7D14722}.Debug|Any CPU.Build.0 = Debug|Any CPU
		{121EE9B0-B66C-4581-8953-D190E7D14722}.Release|Any CPU.ActiveCfg = Release|Any CPU
		{121EE9B0-B66C-4581-8953-D190E7D14722}.Release|Any CPU.Build.0 = Release|Any CPU
	EndGlobalSection
	GlobalSection(SolutionProperties) = preSolution
		HideSolutionNode = FALSE
	EndGlobalSection
	GlobalSection(ExtensibilityGlobals) = postSolution
		SolutionGuid = {B89DBB3E-9417-410D-A2D1-F182649B982D}
	EndGlobalSection
EndGlobal
